
Microsoft Visual Studio Solution File, Format Version 12.00
Project("{2150E333-8FDC-42A3-9474-1A3956D46DE8}") = "Services", "Services", "{6B901197-DE36-4ADD-B1AB-5A5E0BD75A93}"
EndProject
Project("{2150E333-8FDC-42A3-9474-1A3956D46DE8}") = "Catalog", "Catalog", "{03BAB64F-E673-45DA-B694-D85E1C34787A}"
EndProject
Project("{FAE04EC0-301F-11D3-BF4B-00C04F79EFBC}") = "Catalog.API", "Services\Catalog\Catalog.API\Catalog.API.csproj", "{A9A7E2A2-5490-402D-9398-E4A5A7E44045}"
EndProject
Project("{2150E333-8FDC-42A3-9474-1A3956D46DE8}") = "Solution Items", "Solution Items", "{8DA3DDF5-1D19-4792-A173-ED80DE3752A1}"
	ProjectSection(SolutionItems) = preProject
		docker-compose.yml = docker-compose.yml
		docker-compose.override.yml = docker-compose.override.yml
	EndProjectSection
EndProject
Project("{2150E333-8FDC-42A3-9474-1A3956D46DE8}") = "BuildingBlocks", "BuildingBlocks", "{B3510969-71E0-4F03-BB87-96A371D95978}"
EndProject
Project("{FAE04EC0-301F-11D3-BF4B-00C04F79EFBC}") = "BuildingBlocks", "BuildingBlocks\BuildingBlocks\BuildingBlocks.csproj", "{5A83118E-4131-4946-B4EC-EB0DDAD8DD05}"
EndProject
Project("{2150E333-8FDC-42A3-9474-1A3956D46DE8}") = "Basket", "Basket", "{55DC6DD1-6180-4A35-A4A5-A142F4E06AC4}"
EndProject
Project("{FAE04EC0-301F-11D3-BF4B-00C04F79EFBC}") = "Basket.API", "Services\Basket\Basket.API\Basket.API.csproj", "{BAA7D376-726E-4331-B009-6EC54D5F3549}"
EndProject
Project("{2150E333-8FDC-42A3-9474-1A3956D46DE8}") = "Discount", "Discount", "{618A915B-7E4F-4ABD-89BB-1DF9EECD3907}"
EndProject
Project("{FAE04EC0-301F-11D3-BF4B-00C04F79EFBC}") = "Discount.Grpc", "Services\Discount\Discount.Grpc\Discount.Grpc.csproj", "{471BF04C-4533-41C0-BF88-7C48B5CAC629}"
EndProject
Project("{2150E333-8FDC-42A3-9474-1A3956D46DE8}") = "Ordering", "Ordering", "{C36C7173-72B6-4818-8F3C-A2DE7062E7C4}"
EndProject
Project("{FAE04EC0-301F-11D3-BF4B-00C04F79EFBC}") = "Ordering.API", "Services\Ordering\Ordering.API\Ordering.API.csproj", "{09416CD1-544D-4D7B-829B-74AFE5A86636}"
EndProject
Project("{FAE04EC0-301F-11D3-BF4B-00C04F79EFBC}") = "Ordering.Domain", "Services\Ordering\Ordering.Domain\Ordering.Domain.csproj", "{60B3CD62-C403-4B84-B115-A7A7905D98FE}"
EndProject
Project("{FAE04EC0-301F-11D3-BF4B-00C04F79EFBC}") = "Ordering.Application", "Services\Ordering\Ordering.Application\Ordering.Application.csproj", "{00F68127-4337-49F7-95F4-662332C57DA8}"
EndProject
Project("{FAE04EC0-301F-11D3-BF4B-00C04F79EFBC}") = "Ordering.Infrastructure", "Services\Ordering\Ordering.Infrastructure\Ordering.Infrastructure.csproj", "{8450BEC5-9540-4087-A215-25AE5BF445B4}"
EndProject
Project("{FAE04EC0-301F-11D3-BF4B-00C04F79EFBC}") = "BuildingBlocks.Messaging", "BuildingBlocks\BuildingBlocks.Messaging\BuildingBlocks.Messaging.csproj", "{34002CA1-180D-4EE3-8FEA-9C3D5E0448DF}"
EndProject
Project("{2150E333-8FDC-42A3-9474-1A3956D46DE8}") = "ApiGateways", "ApiGateways", "{56BF3E4E-96BE-4211-85BC-17178B60D31E}"
EndProject
Project("{FAE04EC0-301F-11D3-BF4B-00C04F79EFBC}") = "YarpApiGateway", "ApiGateways\YarpApiGateway\YarpApiGateway.csproj", "{4DD09317-E760-499F-8F20-38376E8F674D}"
EndProject
Global
	GlobalSection(SolutionConfigurationPlatforms) = preSolution
		Debug|Any CPU = Debug|Any CPU
		Release|Any CPU = Release|Any CPU
	EndGlobalSection
	GlobalSection(NestedProjects) = preSolution
		{03BAB64F-E673-45DA-B694-D85E1C34787A} = {6B901197-DE36-4ADD-B1AB-5A5E0BD75A93}
		{A9A7E2A2-5490-402D-9398-E4A5A7E44045} = {03BAB64F-E673-45DA-B694-D85E1C34787A}
		{5A83118E-4131-4946-B4EC-EB0DDAD8DD05} = {B3510969-71E0-4F03-BB87-96A371D95978}
		{55DC6DD1-6180-4A35-A4A5-A142F4E06AC4} = {6B901197-DE36-4ADD-B1AB-5A5E0BD75A93}
		{BAA7D376-726E-4331-B009-6EC54D5F3549} = {55DC6DD1-6180-4A35-A4A5-A142F4E06AC4}
		{618A915B-7E4F-4ABD-89BB-1DF9EECD3907} = {6B901197-DE36-4ADD-B1AB-5A5E0BD75A93}
		{471BF04C-4533-41C0-BF88-7C48B5CAC629} = {618A915B-7E4F-4ABD-89BB-1DF9EECD3907}
		{C36C7173-72B6-4818-8F3C-A2DE7062E7C4} = {6B901197-DE36-4ADD-B1AB-5A5E0BD75A93}
		{09416CD1-544D-4D7B-829B-74AFE5A86636} = {C36C7173-72B6-4818-8F3C-A2DE7062E7C4}
		{60B3CD62-C403-4B84-B115-A7A7905D98FE} = {C36C7173-72B6-4818-8F3C-A2DE7062E7C4}
		{00F68127-4337-49F7-95F4-662332C57DA8} = {C36C7173-72B6-4818-8F3C-A2DE7062E7C4}
		{8450BEC5-9540-4087-A215-25AE5BF445B4} = {C36C7173-72B6-4818-8F3C-A2DE7062E7C4}
		{34002CA1-180D-4EE3-8FEA-9C3D5E0448DF} = {B3510969-71E0-4F03-BB87-96A371D95978}
		{4DD09317-E760-499F-8F20-38376E8F674D} = {56BF3E4E-96BE-4211-85BC-17178B60D31E}
	EndGlobalSection
	GlobalSection(ProjectConfigurationPlatforms) = postSolution
		{A9A7E2A2-5490-402D-9398-E4A5A7E44045}.Debug|Any CPU.ActiveCfg = Debug|Any CPU
		{A9A7E2A2-5490-402D-9398-E4A5A7E44045}.Debug|Any CPU.Build.0 = Debug|Any CPU
		{A9A7E2A2-5490-402D-9398-E4A5A7E44045}.Release|Any CPU.ActiveCfg = Release|Any CPU
		{A9A7E2A2-5490-402D-9398-E4A5A7E44045}.Release|Any CPU.Build.0 = Release|Any CPU
		{5A83118E-4131-4946-B4EC-EB0DDAD8DD05}.Debug|Any CPU.ActiveCfg = Debug|Any CPU
		{5A83118E-4131-4946-B4EC-EB0DDAD8DD05}.Debug|Any CPU.Build.0 = Debug|Any CPU
		{5A83118E-4131-4946-B4EC-EB0DDAD8DD05}.Release|Any CPU.ActiveCfg = Release|Any CPU
		{5A83118E-4131-4946-B4EC-EB0DDAD8DD05}.Release|Any CPU.Build.0 = Release|Any CPU
		{BAA7D376-726E-4331-B009-6EC54D5F3549}.Debug|Any CPU.ActiveCfg = Debug|Any CPU
		{BAA7D376-726E-4331-B009-6EC54D5F3549}.Debug|Any CPU.Build.0 = Debug|Any CPU
		{BAA7D376-726E-4331-B009-6EC54D5F3549}.Release|Any CPU.ActiveCfg = Release|Any CPU
		{BAA7D376-726E-4331-B009-6EC54D5F3549}.Release|Any CPU.Build.0 = Release|Any CPU
		{471BF04C-4533-41C0-BF88-7C48B5CAC629}.Debug|Any CPU.ActiveCfg = Debug|Any CPU
		{471BF04C-4533-41C0-BF88-7C48B5CAC629}.Debug|Any CPU.Build.0 = Debug|Any CPU
		{471BF04C-4533-41C0-BF88-7C48B5CAC629}.Release|Any CPU.ActiveCfg = Release|Any CPU
		{471BF04C-4533-41C0-BF88-7C48B5CAC629}.Release|Any CPU.Build.0 = Release|Any CPU
		{09416CD1-544D-4D7B-829B-74AFE5A86636}.Debug|Any CPU.ActiveCfg = Debug|Any CPU
		{09416CD1-544D-4D7B-829B-74AFE5A86636}.Debug|Any CPU.Build.0 = Debug|Any CPU
		{09416CD1-544D-4D7B-829B-74AFE5A86636}.Release|Any CPU.ActiveCfg = Release|Any CPU
		{09416CD1-544D-4D7B-829B-74AFE5A86636}.Release|Any CPU.Build.0 = Release|Any CPU
		{60B3CD62-C403-4B84-B115-A7A7905D98FE}.Debug|Any CPU.ActiveCfg = Debug|Any CPU
		{60B3CD62-C403-4B84-B115-A7A7905D98FE}.Debug|Any CPU.Build.0 = Debug|Any CPU
		{60B3CD62-C403-4B84-B115-A7A7905D98FE}.Release|Any CPU.ActiveCfg = Release|Any CPU
		{60B3CD62-C403-4B84-B115-A7A7905D98FE}.Release|Any CPU.Build.0 = Release|Any CPU
		{00F68127-4337-49F7-95F4-662332C57DA8}.Debug|Any CPU.ActiveCfg = Debug|Any CPU
		{00F68127-4337-49F7-95F4-662332C57DA8}.Debug|Any CPU.Build.0 = Debug|Any CPU
		{00F68127-4337-49F7-95F4-662332C57DA8}.Release|Any CPU.ActiveCfg = Release|Any CPU
		{00F68127-4337-49F7-95F4-662332C57DA8}.Release|Any CPU.Build.0 = Release|Any CPU
		{8450BEC5-9540-4087-A215-25AE5BF445B4}.Debug|Any CPU.ActiveCfg = Debug|Any CPU
		{8450BEC5-9540-4087-A215-25AE5BF445B4}.Debug|Any CPU.Build.0 = Debug|Any CPU
		{8450BEC5-9540-4087-A215-25AE5BF445B4}.Release|Any CPU.ActiveCfg = Release|Any CPU
		{8450BEC5-9540-4087-A215-25AE5BF445B4}.Release|Any CPU.Build.0 = Release|Any CPU
		{34002CA1-180D-4EE3-8FEA-9C3D5E0448DF}.Debug|Any CPU.ActiveCfg = Debug|Any CPU
		{34002CA1-180D-4EE3-8FEA-9C3D5E0448DF}.Debug|Any CPU.Build.0 = Debug|Any CPU
		{34002CA1-180D-4EE3-8FEA-9C3D5E0448DF}.Release|Any CPU.ActiveCfg = Release|Any CPU
		{34002CA1-180D-4EE3-8FEA-9C3D5E0448DF}.Release|Any CPU.Build.0 = Release|Any CPU
		{4DD09317-E760-499F-8F20-38376E8F674D}.Debug|Any CPU.ActiveCfg = Debug|Any CPU
		{4DD09317-E760-499F-8F20-38376E8F674D}.Debug|Any CPU.Build.0 = Debug|Any CPU
		{4DD09317-E760-499F-8F20-38376E8F674D}.Release|Any CPU.ActiveCfg = Release|Any CPU
		{4DD09317-E760-499F-8F20-38376E8F674D}.Release|Any CPU.Build.0 = Release|Any CPU
	EndGlobalSection
EndGlobal
